// !$*UTF8*$!
{
	archiveVersion = 1;
	classes = {
	};
	objectVersion = 51;
	objects = {

/* Begin PBXBuildFile section */
		249A5F7B261C6A2F009C9E3E /* AppDelegate.swift in Sources */ = {isa = PBXBuildFile; fileRef = 249A5F7A261C6A2F009C9E3E /* AppDelegate.swift */; };
		249A5F7D261C6A2F009C9E3E /* SceneDelegate.swift in Sources */ = {isa = PBXBuildFile; fileRef = 249A5F7C261C6A2F009C9E3E /* SceneDelegate.swift */; };
		249A5F7F261C6A2F009C9E3E /* ViewController.swift in Sources */ = {isa = PBXBuildFile; fileRef = 249A5F7E261C6A2F009C9E3E /* ViewController.swift */; };
		249A5F82261C6A2F009C9E3E /* Main.storyboard in Resources */ = {isa = PBXBuildFile; fileRef = 249A5F80261C6A2F009C9E3E /* Main.storyboard */; };
		249A5F84261C6A31009C9E3E /* Assets.xcassets in Resources */ = {isa = PBXBuildFile; fileRef = 249A5F83261C6A31009C9E3E /* Assets.xcassets */; };
		249A5F87261C6A31009C9E3E /* LaunchScreen.storyboard in Resources */ = {isa = PBXBuildFile; fileRef = 249A5F85261C6A31009C9E3E /* LaunchScreen.storyboard */; };
		249A5F92261C6A32009C9E3E /* FormsTests.swift in Sources */ = {isa = PBXBuildFile; fileRef = 249A5F91261C6A32009C9E3E /* FormsTests.swift */; };
		249A5F9D261C6A32009C9E3E /* FormsUITests.swift in Sources */ = {isa = PBXBuildFile; fileRef = 249A5F9C261C6A32009C9E3E /* FormsUITests.swift */; };
		249A6013261C6CCC009C9E3E /* JSFormModelTool.swift in Sources */ = {isa = PBXBuildFile; fileRef = 249A5FF9261C6CCB009C9E3E /* JSFormModelTool.swift */; };
		249A6014261C6CCC009C9E3E /* JSFormPickerTools.swift in Sources */ = {isa = PBXBuildFile; fileRef = 249A5FFA261C6CCB009C9E3E /* JSFormPickerTools.swift */; };
		249A6015261C6CCC009C9E3E /* JSFormHeaderView.swift in Sources */ = {isa = PBXBuildFile; fileRef = 249A5FFB261C6CCB009C9E3E /* JSFormHeaderView.swift */; };
		249A6016261C6CCC009C9E3E /* JSIDCardKeyboardView.swift in Sources */ = {isa = PBXBuildFile; fileRef = 249A5FFC261C6CCB009C9E3E /* JSIDCardKeyboardView.swift */; };
		249A6017261C6CCC009C9E3E /* JSFormViewController.swift in Sources */ = {isa = PBXBuildFile; fileRef = 249A5FFD261C6CCB009C9E3E /* JSFormViewController.swift */; };
		249A6018261C6CCC009C9E3E /* UICollectionViewLeftAlignedLayout.swift in Sources */ = {isa = PBXBuildFile; fileRef = 249A5FFE261C6CCB009C9E3E /* UICollectionViewLeftAlignedLayout.swift */; };
		249A6019261C6CCC009C9E3E /* JSBoxItem.swift in Sources */ = {isa = PBXBuildFile; fileRef = 249A6000261C6CCB009C9E3E /* JSBoxItem.swift */; };
		249A601A261C6CCC009C9E3E /* JSRadioItem.swift in Sources */ = {isa = PBXBuildFile; fileRef = 249A6001261C6CCB009C9E3E /* JSRadioItem.swift */; };
		249A601B261C6CCC009C9E3E /* JSMediaItem.swift in Sources */ = {isa = PBXBuildFile; fileRef = 249A6002261C6CCB009C9E3E /* JSMediaItem.swift */; };
		249A601C261C6CCC009C9E3E /* JSFormModel.swift in Sources */ = {isa = PBXBuildFile; fileRef = 249A6003261C6CCB009C9E3E /* JSFormModel.swift */; };
		249A601D261C6CCC009C9E3E /* JSFormHeaderModel.swift in Sources */ = {isa = PBXBuildFile; fileRef = 249A6004261C6CCB009C9E3E /* JSFormHeaderModel.swift */; };
		249A601E261C6CCC009C9E3E /* JSBoxViewCell.swift in Sources */ = {isa = PBXBuildFile; fileRef = 249A6006261C6CCB009C9E3E /* JSBoxViewCell.swift */; };
		249A601F261C6CCC009C9E3E /* JSBaseCollectionCell.swift in Sources */ = {isa = PBXBuildFile; fileRef = 249A6007261C6CCB009C9E3E /* JSBaseCollectionCell.swift */; };
		249A6020261C6CCC009C9E3E /* JSArrowCell.swift in Sources */ = {isa = PBXBuildFile; fileRef = 249A6008261C6CCB009C9E3E /* JSArrowCell.swift */; };
		249A6021261C6CCC009C9E3E /* JSBoxItemCell.swift in Sources */ = {isa = PBXBuildFile; fileRef = 249A6009261C6CCB009C9E3E /* JSBoxItemCell.swift */; };
		249A6022261C6CCC009C9E3E /* JSCheckBoxCell.swift in Sources */ = {isa = PBXBuildFile; fileRef = 249A600A261C6CCB009C9E3E /* JSCheckBoxCell.swift */; };
		249A6023261C6CCC009C9E3E /* JSSwitchCell.swift in Sources */ = {isa = PBXBuildFile; fileRef = 249A600B261C6CCB009C9E3E /* JSSwitchCell.swift */; };
		249A6024261C6CCC009C9E3E /* JSTextViewCell.swift in Sources */ = {isa = PBXBuildFile; fileRef = 249A600C261C6CCB009C9E3E /* JSTextViewCell.swift */; };
		249A6025261C6CCC009C9E3E /* JSMediaViewCell.swift in Sources */ = {isa = PBXBuildFile; fileRef = 249A600D261C6CCB009C9E3E /* JSMediaViewCell.swift */; };
		249A6026261C6CCC009C9E3E /* JSMediaItemCell.swift in Sources */ = {isa = PBXBuildFile; fileRef = 249A600E261C6CCB009C9E3E /* JSMediaItemCell.swift */; };
		249A6027261C6CCC009C9E3E /* JSBaseViewCell.swift in Sources */ = {isa = PBXBuildFile; fileRef = 249A600F261C6CCB009C9E3E /* JSBaseViewCell.swift */; };
		249A6028261C6CCC009C9E3E /* JSTextFieldCell.swift in Sources */ = {isa = PBXBuildFile; fileRef = 249A6010261C6CCB009C9E3E /* JSTextFieldCell.swift */; };
		249A6029261C6CCC009C9E3E /* JSRadioBoxCell.swift in Sources */ = {isa = PBXBuildFile; fileRef = 249A6011261C6CCB009C9E3E /* JSRadioBoxCell.swift */; };
		249A602A261C6CCC009C9E3E /* JSLabelCell.swift in Sources */ = {isa = PBXBuildFile; fileRef = 249A6012261C6CCB009C9E3E /* JSLabelCell.swift */; };
		249A6049261C6D68009C9E3E /* String.swift in Sources */ = {isa = PBXBuildFile; fileRef = 249A6038261C6D68009C9E3E /* String.swift */; };
		249A605E261C6DDD009C9E3E /* Report.json in Resources */ = {isa = PBXBuildFile; fileRef = 249A605D261C6DDD009C9E3E /* Report.json */; };
		249A6070261D84C9009C9E3E /* Forms.xcassets in Resources */ = {isa = PBXBuildFile; fileRef = 249A606F261D84C8009C9E3E /* Forms.xcassets */; };
		8BA23DCD66038EC80E8FAE4E /* Pods_Forms.framework in Frameworks */ = {isa = PBXBuildFile; fileRef = B34D6D85DB2FBC4C9E6D4452 /* Pods_Forms.framework */; };
		9D7F26FD5AB760FBFB520850 /* Pods_FormsTests.framework in Frameworks */ = {isa = PBXBuildFile; fileRef = B26F31449C4DB4163BD37835 /* Pods_FormsTests.framework */; };
		EBA3C9F43D244CCE85C53722 /* Pods_Forms_FormsUITests.framework in Frameworks */ = {isa = PBXBuildFile; fileRef = 789D03E5EE1895619683304A /* Pods_Forms_FormsUITests.framework */; };
/* End PBXBuildFile section */

/* Begin PBXContainerItemProxy section */
		249A5F8E261C6A32009C9E3E /* PBXContainerItemProxy */ = {
			isa = PBXContainerItemProxy;
			containerPortal = 249A5F6F261C6A2E009C9E3E /* Project object */;
			proxyType = 1;
			remoteGlobalIDString = 249A5F76261C6A2E009C9E3E;
			remoteInfo = Forms;
		};
		249A5F99261C6A32009C9E3E /* PBXContainerItemProxy */ = {
			isa = PBXContainerItemProxy;
			containerPortal = 249A5F6F261C6A2E009C9E3E /* Project object */;
			proxyType = 1;
			remoteGlobalIDString = 249A5F76261C6A2E009C9E3E;
			remoteInfo = Forms;
		};
/* End PBXContainerItemProxy section */

/* Begin PBXFileReference section */
		249A5F77261C6A2E009C9E3E /* Forms.app */ = {isa = PBXFileReference; explicitFileType = wrapper.application; includeInIndex = 0; path = Forms.app; sourceTree = BUILT_PRODUCTS_DIR; };
		249A5F7A261C6A2F009C9E3E /* AppDelegate.swift */ = {isa = PBXFileReference; lastKnownFileType = sourcecode.swift; path = AppDelegate.swift; sourceTree = "<group>"; };
		249A5F7C261C6A2F009C9E3E /* SceneDelegate.swift */ = {isa = PBXFileReference; lastKnownFileType = sourcecode.swift; path = SceneDelegate.swift; sourceTree = "<group>"; };
		249A5F7E261C6A2F009C9E3E /* ViewController.swift */ = {isa = PBXFileReference; lastKnownFileType = sourcecode.swift; path = ViewController.swift; sourceTree = "<group>"; };
		249A5F81261C6A2F009C9E3E /* Base */ = {isa = PBXFileReference; lastKnownFileType = file.storyboard; name = Base; path = Base.lproj/Main.storyboard; sourceTree = "<group>"; };
		249A5F83261C6A31009C9E3E /* Assets.xcassets */ = {isa = PBXFileReference; lastKnownFileType = folder.assetcatalog; path = Assets.xcassets; sourceTree = "<group>"; };
		249A5F86261C6A31009C9E3E /* Base */ = {isa = PBXFileReference; lastKnownFileType = file.storyboard; name = Base; path = Base.lproj/LaunchScreen.storyboard; sourceTree = "<group>"; };
		249A5F88261C6A31009C9E3E /* Info.plist */ = {isa = PBXFileReference; lastKnownFileType = text.plist.xml; path = Info.plist; sourceTree = "<group>"; };
		249A5F8D261C6A32009C9E3E /* FormsTests.xctest */ = {isa = PBXFileReference; explicitFileType = wrapper.cfbundle; includeInIndex = 0; path = FormsTests.xctest; sourceTree = BUILT_PRODUCTS_DIR; };
		249A5F91261C6A32009C9E3E /* FormsTests.swift */ = {isa = PBXFileReference; lastKnownFileType = sourcecode.swift; path = FormsTests.swift; sourceTree = "<group>"; };
		249A5F93261C6A32009C9E3E /* Info.plist */ = {isa = PBXFileReference; lastKnownFileType = text.plist.xml; path = Info.plist; sourceTree = "<group>"; };
		249A5F98261C6A32009C9E3E /* FormsUITests.xctest */ = {isa = PBXFileReference; explicitFileType = wrapper.cfbundle; includeInIndex = 0; path = FormsUITests.xctest; sourceTree = BUILT_PRODUCTS_DIR; };
		249A5F9C261C6A32009C9E3E /* FormsUITests.swift */ = {isa = PBXFileReference; lastKnownFileType = sourcecode.swift; path = FormsUITests.swift; sourceTree = "<group>"; };
		249A5F9E261C6A32009C9E3E /* Info.plist */ = {isa = PBXFileReference; lastKnownFileType = text.plist.xml; path = Info.plist; sourceTree = "<group>"; };
		249A5FF9261C6CCB009C9E3E /* JSFormModelTool.swift */ = {isa = PBXFileReference; fileEncoding = 4; lastKnownFileType = sourcecode.swift; path = JSFormModelTool.swift; sourceTree = "<group>"; };
		249A5FFA261C6CCB009C9E3E /* JSFormPickerTools.swift */ = {isa = PBXFileReference; fileEncoding = 4; lastKnownFileType = sourcecode.swift; path = JSFormPickerTools.swift; sourceTree = "<group>"; };
		249A5FFB261C6CCB009C9E3E /* JSFormHeaderView.swift */ = {isa = PBXFileReference; fileEncoding = 4; lastKnownFileType = sourcecode.swift; path = JSFormHeaderView.swift; sourceTree = "<group>"; };
		249A5FFC261C6CCB009C9E3E /* JSIDCardKeyboardView.swift */ = {isa = PBXFileReference; fileEncoding = 4; lastKnownFileType = sourcecode.swift; path = JSIDCardKeyboardView.swift; sourceTree = "<group>"; };
		249A5FFD261C6CCB009C9E3E /* JSFormViewController.swift */ = {isa = PBXFileReference; fileEncoding = 4; lastKnownFileType = sourcecode.swift; path = JSFormViewController.swift; sourceTree = "<group>"; };
		249A5FFE261C6CCB009C9E3E /* UICollectionViewLeftAlignedLayout.swift */ = {isa = PBXFileReference; fileEncoding = 4; lastKnownFileType = sourcecode.swift; path = UICollectionViewLeftAlignedLayout.swift; sourceTree = "<group>"; };
		249A6000261C6CCB009C9E3E /* JSBoxItem.swift */ = {isa = PBXFileReference; fileEncoding = 4; lastKnownFileType = sourcecode.swift; path = JSBoxItem.swift; sourceTree = "<group>"; };
		249A6001261C6CCB009C9E3E /* JSRadioItem.swift */ = {isa = PBXFileReference; fileEncoding = 4; lastKnownFileType = sourcecode.swift; path = JSRadioItem.swift; sourceTree = "<group>"; };
		249A6002261C6CCB009C9E3E /* JSMediaItem.swift */ = {isa = PBXFileReference; fileEncoding = 4; lastKnownFileType = sourcecode.swift; path = JSMediaItem.swift; sourceTree = "<group>"; };
		249A6003261C6CCB009C9E3E /* JSFormModel.swift */ = {isa = PBXFileReference; fileEncoding = 4; lastKnownFileType = sourcecode.swift; path = JSFormModel.swift; sourceTree = "<group>"; };
		249A6004261C6CCB009C9E3E /* JSFormHeaderModel.swift */ = {isa = PBXFileReference; fileEncoding = 4; lastKnownFileType = sourcecode.swift; path = JSFormHeaderModel.swift; sourceTree = "<group>"; };
		249A6006261C6CCB009C9E3E /* JSBoxViewCell.swift */ = {isa = PBXFileReference; fileEncoding = 4; lastKnownFileType = sourcecode.swift; path = JSBoxViewCell.swift; sourceTree = "<group>"; };
		249A6007261C6CCB009C9E3E /* JSBaseCollectionCell.swift */ = {isa = PBXFileReference; fileEncoding = 4; lastKnownFileType = sourcecode.swift; path = JSBaseCollectionCell.swift; sourceTree = "<group>"; };
		249A6008261C6CCB009C9E3E /* JSArrowCell.swift */ = {isa = PBXFileReference; fileEncoding = 4; lastKnownFileType = sourcecode.swift; path = JSArrowCell.swift; sourceTree = "<group>"; };
		249A6009261C6CCB009C9E3E /* JSBoxItemCell.swift */ = {isa = PBXFileReference; fileEncoding = 4; lastKnownFileType = sourcecode.swift; path = JSBoxItemCell.swift; sourceTree = "<group>"; };
		249A600A261C6CCB009C9E3E /* JSCheckBoxCell.swift */ = {isa = PBXFileReference; fileEncoding = 4; lastKnownFileType = sourcecode.swift; path = JSCheckBoxCell.swift; sourceTree = "<group>"; };
		249A600B261C6CCB009C9E3E /* JSSwitchCell.swift */ = {isa = PBXFileReference; fileEncoding = 4; lastKnownFileType = sourcecode.swift; path = JSSwitchCell.swift; sourceTree = "<group>"; };
		249A600C261C6CCB009C9E3E /* JSTextViewCell.swift */ = {isa = PBXFileReference; fileEncoding = 4; lastKnownFileType = sourcecode.swift; path = JSTextViewCell.swift; sourceTree = "<group>"; };
		249A600D261C6CCB009C9E3E /* JSMediaViewCell.swift */ = {isa = PBXFileReference; fileEncoding = 4; lastKnownFileType = sourcecode.swift; path = JSMediaViewCell.swift; sourceTree = "<group>"; };
		249A600E261C6CCB009C9E3E /* JSMediaItemCell.swift */ = {isa = PBXFileReference; fileEncoding = 4; lastKnownFileType = sourcecode.swift; path = JSMediaItemCell.swift; sourceTree = "<group>"; };
		249A600F261C6CCB009C9E3E /* JSBaseViewCell.swift */ = {isa = PBXFileReference; fileEncoding = 4; lastKnownFileType = sourcecode.swift; path = JSBaseViewCell.swift; sourceTree = "<group>"; };
		249A6010261C6CCB009C9E3E /* JSTextFieldCell.swift */ = {isa = PBXFileReference; fileEncoding = 4; lastKnownFileType = sourcecode.swift; path = JSTextFieldCell.swift; sourceTree = "<group>"; };
		249A6011261C6CCB009C9E3E /* JSRadioBoxCell.swift */ = {isa = PBXFileReference; fileEncoding = 4; lastKnownFileType = sourcecode.swift; path = JSRadioBoxCell.swift; sourceTree = "<group>"; };
		249A6012261C6CCB009C9E3E /* JSLabelCell.swift */ = {isa = PBXFileReference; fileEncoding = 4; lastKnownFileType = sourcecode.swift; path = JSLabelCell.swift; sourceTree = "<group>"; };
		249A6038261C6D68009C9E3E /* String.swift */ = {isa = PBXFileReference; fileEncoding = 4; lastKnownFileType = sourcecode.swift; path = String.swift; sourceTree = "<group>"; };
		249A605D261C6DDD009C9E3E /* Report.json */ = {isa = PBXFileReference; fileEncoding = 4; lastKnownFileType = text.json; path = Report.json; sourceTree = "<group>"; };
		249A606F261D84C8009C9E3E /* Forms.xcassets */ = {isa = PBXFileReference; lastKnownFileType = folder.assetcatalog; path = Forms.xcassets; sourceTree = "<group>"; };
		2A2CD5CE404A75BFF547DE5D /* Pods-Forms.debug.xcconfig */ = {isa = PBXFileReference; includeInIndex = 1; lastKnownFileType = text.xcconfig; name = "Pods-Forms.debug.xcconfig"; path = "Target Support Files/Pods-Forms/Pods-Forms.debug.xcconfig"; sourceTree = "<group>"; };
		2C9DCD0094B9FF4EB533EC80 /* Pods-Forms.release.xcconfig */ = {isa = PBXFileReference; includeInIndex = 1; lastKnownFileType = text.xcconfig; name = "Pods-Forms.release.xcconfig"; path = "Target Support Files/Pods-Forms/Pods-Forms.release.xcconfig"; sourceTree = "<group>"; };
		305D196B7FE94ABD27CB2EE3 /* Pods-FormsTests.release.xcconfig */ = {isa = PBXFileReference; includeInIndex = 1; lastKnownFileType = text.xcconfig; name = "Pods-FormsTests.release.xcconfig"; path = "Target Support Files/Pods-FormsTests/Pods-FormsTests.release.xcconfig"; sourceTree = "<group>"; };
		620DE183CBFC0CD40CA43FD3 /* Pods-Forms-FormsUITests.debug.xcconfig */ = {isa = PBXFileReference; includeInIndex = 1; lastKnownFileType = text.xcconfig; name = "Pods-Forms-FormsUITests.debug.xcconfig"; path = "Target Support Files/Pods-Forms-FormsUITests/Pods-Forms-FormsUITests.debug.xcconfig"; sourceTree = "<group>"; };
		6B91807910A1E0CB5C4D244B /* Pods-FormsTests.debug.xcconfig */ = {isa = PBXFileReference; includeInIndex = 1; lastKnownFileType = text.xcconfig; name = "Pods-FormsTests.debug.xcconfig"; path = "Target Support Files/Pods-FormsTests/Pods-FormsTests.debug.xcconfig"; sourceTree = "<group>"; };
		789D03E5EE1895619683304A /* Pods_Forms_FormsUITests.framework */ = {isa = PBXFileReference; explicitFileType = wrapper.framework; includeInIndex = 0; path = Pods_Forms_FormsUITests.framework; sourceTree = BUILT_PRODUCTS_DIR; };
		B263B6C9DED97E9125B571E4 /* Pods-Forms-FormsUITests.release.xcconfig */ = {isa = PBXFileReference; includeInIndex = 1; lastKnownFileType = text.xcconfig; name = "Pods-Forms-FormsUITests.release.xcconfig"; path = "Target Support Files/Pods-Forms-FormsUITests/Pods-Forms-FormsUITests.release.xcconfig"; sourceTree = "<group>"; };
		B26F31449C4DB4163BD37835 /* Pods_FormsTests.framework */ = {isa = PBXFileReference; explicitFileType = wrapper.framework; includeInIndex = 0; path = Pods_FormsTests.framework; sourceTree = BUILT_PRODUCTS_DIR; };
		B34D6D85DB2FBC4C9E6D4452 /* Pods_Forms.framework */ = {isa = PBXFileReference; explicitFileType = wrapper.framework; includeInIndex = 0; path = Pods_Forms.framework; sourceTree = BUILT_PRODUCTS_DIR; };
/* End PBXFileReference section */

/* Begin PBXFrameworksBuildPhase section */
		249A5F74261C6A2E009C9E3E /* Frameworks */ = {
			isa = PBXFrameworksBuildPhase;
			buildActionMask = 2147483647;
			files = (
				8BA23DCD66038EC80E8FAE4E /* Pods_Forms.framework in Frameworks */,
			);
			runOnlyForDeploymentPostprocessing = 0;
		};
		249A5F8A261C6A32009C9E3E /* Frameworks */ = {
			isa = PBXFrameworksBuildPhase;
			buildActionMask = 2147483647;
			files = (
				9D7F26FD5AB760FBFB520850 /* Pods_FormsTests.framework in Frameworks */,
			);
			runOnlyForDeploymentPostprocessing = 0;
		};
		249A5F95261C6A32009C9E3E /* Frameworks */ = {
			isa = PBXFrameworksBuildPhase;
			buildActionMask = 2147483647;
			files = (
				EBA3C9F43D244CCE85C53722 /* Pods_Forms_FormsUITests.framework in Frameworks */,
			);
			runOnlyForDeploymentPostprocessing = 0;
		};
/* End PBXFrameworksBuildPhase section */

/* Begin PBXGroup section */
		04D1738EA68EF6973F6E1EA6 /* Frameworks */ = {
			isa = PBXGroup;
			children = (
				B34D6D85DB2FBC4C9E6D4452 /* Pods_Forms.framework */,
				789D03E5EE1895619683304A /* Pods_Forms_FormsUITests.framework */,
				B26F31449C4DB4163BD37835 /* Pods_FormsTests.framework */,
			);
			name = Frameworks;
			sourceTree = "<group>";
		};
		249A5F6E261C6A2E009C9E3E = {
			isa = PBXGroup;
			children = (
				249A5F79261C6A2F009C9E3E /* Forms */,
				249A5F90261C6A32009C9E3E /* FormsTests */,
				249A5F9B261C6A32009C9E3E /* FormsUITests */,
				249A5F78261C6A2E009C9E3E /* Products */,
				F767071BB4CE7866036FB859 /* Pods */,
				04D1738EA68EF6973F6E1EA6 /* Frameworks */,
			);
			sourceTree = "<group>";
		};
		249A5F78261C6A2E009C9E3E /* Products */ = {
			isa = PBXGroup;
			children = (
				249A5F77261C6A2E009C9E3E /* Forms.app */,
				249A5F8D261C6A32009C9E3E /* FormsTests.xctest */,
				249A5F98261C6A32009C9E3E /* FormsUITests.xctest */,
			);
			name = Products;
			sourceTree = "<group>";
		};
		249A5F79261C6A2F009C9E3E /* Forms */ = {
			isa = PBXGroup;
			children = (
				249A605D261C6DDD009C9E3E /* Report.json */,
				249A5FF7261C6CCB009C9E3E /* Sources */,
				249A5F7A261C6A2F009C9E3E /* AppDelegate.swift */,
				249A5F7C261C6A2F009C9E3E /* SceneDelegate.swift */,
				249A5F7E261C6A2F009C9E3E /* ViewController.swift */,
				249A5F80261C6A2F009C9E3E /* Main.storyboard */,
				249A5F83261C6A31009C9E3E /* Assets.xcassets */,
				249A5F85261C6A31009C9E3E /* LaunchScreen.storyboard */,
				249A5F88261C6A31009C9E3E /* Info.plist */,
			);
			path = Forms;
			sourceTree = "<group>";
		};
		249A5F90261C6A32009C9E3E /* FormsTests */ = {
			isa = PBXGroup;
			children = (
				249A5F91261C6A32009C9E3E /* FormsTests.swift */,
				249A5F93261C6A32009C9E3E /* Info.plist */,
			);
			path = FormsTests;
			sourceTree = "<group>";
		};
		249A5F9B261C6A32009C9E3E /* FormsUITests */ = {
			isa = PBXGroup;
			children = (
				249A5F9C261C6A32009C9E3E /* FormsUITests.swift */,
				249A5F9E261C6A32009C9E3E /* Info.plist */,
			);
			path = FormsUITests;
			sourceTree = "<group>";
		};
		249A5FF7261C6CCB009C9E3E /* Sources */ = {
			isa = PBXGroup;
			children = (
				249A606F261D84C8009C9E3E /* Forms.xcassets */,
				249A602E261C6D68009C9E3E /* Expand */,
				249A5FF8261C6CCB009C9E3E /* JSFromTool */,
				249A5FFB261C6CCB009C9E3E /* JSFormHeaderView.swift */,
				249A5FFC261C6CCB009C9E3E /* JSIDCardKeyboardView.swift */,
				249A5FFD261C6CCB009C9E3E /* JSFormViewController.swift */,
				249A5FFE261C6CCB009C9E3E /* UICollectionViewLeftAlignedLayout.swift */,
				249A5FFF261C6CCB009C9E3E /* JSFormModel */,
				249A6005261C6CCB009C9E3E /* JSFormViewCell */,
			);
			path = Sources;
			sourceTree = "<group>";
		};
		249A5FF8261C6CCB009C9E3E /* JSFromTool */ = {
			isa = PBXGroup;
			children = (
				249A5FF9261C6CCB009C9E3E /* JSFormModelTool.swift */,
				249A5FFA261C6CCB009C9E3E /* JSFormPickerTools.swift */,
			);
			path = JSFromTool;
			sourceTree = "<group>";
		};
		249A5FFF261C6CCB009C9E3E /* JSFormModel */ = {
			isa = PBXGroup;
			children = (
				249A6000261C6CCB009C9E3E /* JSBoxItem.swift */,
				249A6001261C6CCB009C9E3E /* JSRadioItem.swift */,
				249A6002261C6CCB009C9E3E /* JSMediaItem.swift */,
				249A6003261C6CCB009C9E3E /* JSFormModel.swift */,
				249A6004261C6CCB009C9E3E /* JSFormHeaderModel.swift */,
			);
			path = JSFormModel;
			sourceTree = "<group>";
		};
		249A6005261C6CCB009C9E3E /* JSFormViewCell */ = {
			isa = PBXGroup;
			children = (
				249A6006261C6CCB009C9E3E /* JSBoxViewCell.swift */,
				249A6007261C6CCB009C9E3E /* JSBaseCollectionCell.swift */,
				249A6008261C6CCB009C9E3E /* JSArrowCell.swift */,
				249A6009261C6CCB009C9E3E /* JSBoxItemCell.swift */,
				249A600A261C6CCB009C9E3E /* JSCheckBoxCell.swift */,
				249A600B261C6CCB009C9E3E /* JSSwitchCell.swift */,
				249A600C261C6CCB009C9E3E /* JSTextViewCell.swift */,
				249A600D261C6CCB009C9E3E /* JSMediaViewCell.swift */,
				249A600E261C6CCB009C9E3E /* JSMediaItemCell.swift */,
				249A600F261C6CCB009C9E3E /* JSBaseViewCell.swift */,
				249A6010261C6CCB009C9E3E /* JSTextFieldCell.swift */,
				249A6011261C6CCB009C9E3E /* JSRadioBoxCell.swift */,
				249A6012261C6CCB009C9E3E /* JSLabelCell.swift */,
			);
			path = JSFormViewCell;
			sourceTree = "<group>";
		};
		249A602E261C6D68009C9E3E /* Expand */ = {
			isa = PBXGroup;
			children = (
				249A6038261C6D68009C9E3E /* String.swift */,
			);
			path = Expand;
			sourceTree = "<group>";
		};
		F767071BB4CE7866036FB859 /* Pods */ = {
			isa = PBXGroup;
			children = (
				2A2CD5CE404A75BFF547DE5D /* Pods-Forms.debug.xcconfig */,
				2C9DCD0094B9FF4EB533EC80 /* Pods-Forms.release.xcconfig */,
				620DE183CBFC0CD40CA43FD3 /* Pods-Forms-FormsUITests.debug.xcconfig */,
				B263B6C9DED97E9125B571E4 /* Pods-Forms-FormsUITests.release.xcconfig */,
				6B91807910A1E0CB5C4D244B /* Pods-FormsTests.debug.xcconfig */,
				305D196B7FE94ABD27CB2EE3 /* Pods-FormsTests.release.xcconfig */,
			);
			path = Pods;
			sourceTree = "<group>";
		};
/* End PBXGroup section */

/* Begin PBXNativeTarget section */
		249A5F76261C6A2E009C9E3E /* Forms */ = {
			isa = PBXNativeTarget;
			buildConfigurationList = 249A5FA1261C6A32009C9E3E /* Build configuration list for PBXNativeTarget "Forms" */;
			buildPhases = (
				F2A0333DDC24BA290F715AE0 /* [CP] Check Pods Manifest.lock */,
				249A5F73261C6A2E009C9E3E /* Sources */,
				249A5F74261C6A2E009C9E3E /* Frameworks */,
				249A5F75261C6A2E009C9E3E /* Resources */,
				26F6EAF4CD92A1E70B9B5C45 /* [CP] Embed Pods Frameworks */,
			);
			buildRules = (
			);
			dependencies = (
			);
			name = Forms;
			productName = Forms;
			productReference = 249A5F77261C6A2E009C9E3E /* Forms.app */;
			productType = "com.apple.product-type.application";
		};
		249A5F8C261C6A32009C9E3E /* FormsTests */ = {
			isa = PBXNativeTarget;
			buildConfigurationList = 249A5FA4261C6A32009C9E3E /* Build configuration list for PBXNativeTarget "FormsTests" */;
			buildPhases = (
				6A50DA70D9BE5F011F6810B1 /* [CP] Check Pods Manifest.lock */,
				249A5F89261C6A32009C9E3E /* Sources */,
				249A5F8A261C6A32009C9E3E /* Frameworks */,
				249A5F8B261C6A32009C9E3E /* Resources */,
			);
			buildRules = (
			);
			dependencies = (
				249A5F8F261C6A32009C9E3E /* PBXTargetDependency */,
			);
			name = FormsTests;
			productName = FormsTests;
			productReference = 249A5F8D261C6A32009C9E3E /* FormsTests.xctest */;
			productType = "com.apple.product-type.bundle.unit-test";
		};
		249A5F97261C6A32009C9E3E /* FormsUITests */ = {
			isa = PBXNativeTarget;
			buildConfigurationList = 249A5FA7261C6A32009C9E3E /* Build configuration list for PBXNativeTarget "FormsUITests" */;
			buildPhases = (
				87F0DE551AD0E732754DD628 /* [CP] Check Pods Manifest.lock */,
				249A5F94261C6A32009C9E3E /* Sources */,
				249A5F95261C6A32009C9E3E /* Frameworks */,
				249A5F96261C6A32009C9E3E /* Resources */,
				037CF2E15C6D30DD9BD33B6D /* [CP] Embed Pods Frameworks */,
			);
			buildRules = (
			);
			dependencies = (
				249A5F9A261C6A32009C9E3E /* PBXTargetDependency */,
			);
			name = FormsUITests;
			productName = FormsUITests;
			productReference = 249A5F98261C6A32009C9E3E /* FormsUITests.xctest */;
			productType = "com.apple.product-type.bundle.ui-testing";
		};
/* End PBXNativeTarget section */

/* Begin PBXProject section */
		249A5F6F261C6A2E009C9E3E /* Project object */ = {
			isa = PBXProject;
			attributes = {
				LastSwiftUpdateCheck = 1240;
				LastUpgradeCheck = 1240;
				TargetAttributes = {
					249A5F76261C6A2E009C9E3E = {
						CreatedOnToolsVersion = 12.4;
					};
					249A5F8C261C6A32009C9E3E = {
						CreatedOnToolsVersion = 12.4;
						TestTargetID = 249A5F76261C6A2E009C9E3E;
					};
					249A5F97261C6A32009C9E3E = {
						CreatedOnToolsVersion = 12.4;
						TestTargetID = 249A5F76261C6A2E009C9E3E;
					};
				};
			};
			buildConfigurationList = 249A5F72261C6A2E009C9E3E /* Build configuration list for PBXProject "Forms" */;
			compatibilityVersion = "Xcode 9.3";
			developmentRegion = en;
			hasScannedForEncodings = 0;
			knownRegions = (
				en,
				Base,
			);
			mainGroup = 249A5F6E261C6A2E009C9E3E;
			productRefGroup = 249A5F78261C6A2E009C9E3E /* Products */;
			projectDirPath = "";
			projectRoot = "";
			targets = (
				249A5F76261C6A2E009C9E3E /* Forms */,
				249A5F8C261C6A32009C9E3E /* FormsTests */,
				249A5F97261C6A32009C9E3E /* FormsUITests */,
			);
		};
/* End PBXProject section */

/* Begin PBXResourcesBuildPhase section */
		249A5F75261C6A2E009C9E3E /* Resources */ = {
			isa = PBXResourcesBuildPhase;
			buildActionMask = 2147483647;
			files = (
				249A5F87261C6A31009C9E3E /* LaunchScreen.storyboard in Resources */,
				249A6070261D84C9009C9E3E /* Forms.xcassets in Resources */,
				249A5F84261C6A31009C9E3E /* Assets.xcassets in Resources */,
				249A5F82261C6A2F009C9E3E /* Main.storyboard in Resources */,
				249A605E261C6DDD009C9E3E /* Report.json in Resources */,
			);
			runOnlyForDeploymentPostprocessing = 0;
		};
		249A5F8B261C6A32009C9E3E /* Resources */ = {
			isa = PBXResourcesBuildPhase;
			buildActionMask = 2147483647;
			files = (
			);
			runOnlyForDeploymentPostprocessing = 0;
		};
		249A5F96261C6A32009C9E3E /* Resources */ = {
			isa = PBXResourcesBuildPhase;
			buildActionMask = 2147483647;
			files = (
			);
			runOnlyForDeploymentPostprocessing = 0;
		};
/* End PBXResourcesBuildPhase section */

/* Begin PBXShellScriptBuildPhase section */
		037CF2E15C6D30DD9BD33B6D /* [CP] Embed Pods Frameworks */ = {
			isa = PBXShellScriptBuildPhase;
			buildActionMask = 2147483647;
			files = (
			);
			inputFileListPaths = (
				"${PODS_ROOT}/Target Support Files/Pods-Forms-FormsUITests/Pods-Forms-FormsUITests-frameworks-${CONFIGURATION}-input-files.xcfilelist",
			);
			name = "[CP] Embed Pods Frameworks";
			outputFileListPaths = (
				"${PODS_ROOT}/Target Support Files/Pods-Forms-FormsUITests/Pods-Forms-FormsUITests-frameworks-${CONFIGURATION}-output-files.xcfilelist",
			);
			runOnlyForDeploymentPostprocessing = 0;
			shellPath = /bin/sh;
			shellScript = "\"${PODS_ROOT}/Target Support Files/Pods-Forms-FormsUITests/Pods-Forms-FormsUITests-frameworks.sh\"\n";
			showEnvVarsInLog = 0;
		};
		26F6EAF4CD92A1E70B9B5C45 /* [CP] Embed Pods Frameworks */ = {
			isa = PBXShellScriptBuildPhase;
			buildActionMask = 2147483647;
			files = (
			);
			inputFileListPaths = (
				"${PODS_ROOT}/Target Support Files/Pods-Forms/Pods-Forms-frameworks-${CONFIGURATION}-input-files.xcfilelist",
			);
			name = "[CP] Embed Pods Frameworks";
			outputFileListPaths = (
				"${PODS_ROOT}/Target Support Files/Pods-Forms/Pods-Forms-frameworks-${CONFIGURATION}-output-files.xcfilelist",
			);
			runOnlyForDeploymentPostprocessing = 0;
			shellPath = /bin/sh;
			shellScript = "\"${PODS_ROOT}/Target Support Files/Pods-Forms/Pods-Forms-frameworks.sh\"\n";
			showEnvVarsInLog = 0;
		};
		6A50DA70D9BE5F011F6810B1 /* [CP] Check Pods Manifest.lock */ = {
			isa = PBXShellScriptBuildPhase;
			buildActionMask = 2147483647;
			files = (
			);
			inputFileListPaths = (
			);
			inputPaths = (
				"${PODS_PODFILE_DIR_PATH}/Podfile.lock",
				"${PODS_ROOT}/Manifest.lock",
			);
			name = "[CP] Check Pods Manifest.lock";
			outputFileListPaths = (
			);
			outputPaths = (
				"$(DERIVED_FILE_DIR)/Pods-FormsTests-checkManifestLockResult.txt",
			);
			runOnlyForDeploymentPostprocessing = 0;
			shellPath = /bin/sh;
			shellScript = "diff \"${PODS_PODFILE_DIR_PATH}/Podfile.lock\" \"${PODS_ROOT}/Manifest.lock\" > /dev/null\nif [ $? != 0 ] ; then\n    # print error to STDERR\n    echo \"error: The sandbox is not in sync with the Podfile.lock. Run 'pod install' or update your CocoaPods installation.\" >&2\n    exit 1\nfi\n# This output is used by Xcode 'outputs' to avoid re-running this script phase.\necho \"SUCCESS\" > \"${SCRIPT_OUTPUT_FILE_0}\"\n";
			showEnvVarsInLog = 0;
		};
		87F0DE551AD0E732754DD628 /* [CP] Check Pods Manifest.lock */ = {
			isa = PBXShellScriptBuildPhase;
			buildActionMask = 2147483647;
			files = (
			);
			inputFileListPaths = (
			);
			inputPaths = (
				"${PODS_PODFILE_DIR_PATH}/Podfile.lock",
				"${PODS_ROOT}/Manifest.lock",
			);
			name = "[CP] Check Pods Manifest.lock";
			outputFileListPaths = (
			);
			outputPaths = (
				"$(DERIVED_FILE_DIR)/Pods-Forms-FormsUITests-checkManifestLockResult.txt",
			);
			runOnlyForDeploymentPostprocessing = 0;
			shellPath = /bin/sh;
			shellScript = "diff \"${PODS_PODFILE_DIR_PATH}/Podfile.lock\" \"${PODS_ROOT}/Manifest.lock\" > /dev/null\nif [ $? != 0 ] ; then\n    # print error to STDERR\n    echo \"error: The sandbox is not in sync with the Podfile.lock. Run 'pod install' or update your CocoaPods installation.\" >&2\n    exit 1\nfi\n# This output is used by Xcode 'outputs' to avoid re-running this script phase.\necho \"SUCCESS\" > \"${SCRIPT_OUTPUT_FILE_0}\"\n";
			showEnvVarsInLog = 0;
		};
		F2A0333DDC24BA290F715AE0 /* [CP] Check Pods Manifest.lock */ = {
			isa = PBXShellScriptBuildPhase;
			buildActionMask = 2147483647;
			files = (
			);
			inputFileListPaths = (
			);
			inputPaths = (
				"${PODS_PODFILE_DIR_PATH}/Podfile.lock",
				"${PODS_ROOT}/Manifest.lock",
			);
			name = "[CP] Check Pods Manifest.lock";
			outputFileListPaths = (
			);
			outputPaths = (
				"$(DERIVED_FILE_DIR)/Pods-Forms-checkManifestLockResult.txt",
			);
			runOnlyForDeploymentPostprocessing = 0;
			shellPath = /bin/sh;
			shellScript = "diff \"${PODS_PODFILE_DIR_PATH}/Podfile.lock\" \"${PODS_ROOT}/Manifest.lock\" > /dev/null\nif [ $? != 0 ] ; then\n    # print error to STDERR\n    echo \"error: The sandbox is not in sync with the Podfile.lock. Run 'pod install' or update your CocoaPods installation.\" >&2\n    exit 1\nfi\n# This output is used by Xcode 'outputs' to avoid re-running this script phase.\necho \"SUCCESS\" > \"${SCRIPT_OUTPUT_FILE_0}\"\n";
			showEnvVarsInLog = 0;
		};
/* End PBXShellScriptBuildPhase section */

/* Begin PBXSourcesBuildPhase section */
		249A5F73261C6A2E009C9E3E /* Sources */ = {
			isa = PBXSourcesBuildPhase;
			buildActionMask = 2147483647;
			files = (
				249A6013261C6CCC009C9E3E /* JSFormModelTool.swift in Sources */,
				249A601E261C6CCC009C9E3E /* JSBoxViewCell.swift in Sources */,
				249A6022261C6CCC009C9E3E /* JSCheckBoxCell.swift in Sources */,
				249A5F7F261C6A2F009C9E3E /* ViewController.swift in Sources */,
				249A6026261C6CCC009C9E3E /* JSMediaItemCell.swift in Sources */,
				249A6028261C6CCC009C9E3E /* JSTextFieldCell.swift in Sources */,
				249A602A261C6CCC009C9E3E /* JSLabelCell.swift in Sources */,
				249A6025261C6CCC009C9E3E /* JSMediaViewCell.swift in Sources */,
				249A6015261C6CCC009C9E3E /* JSFormHeaderView.swift in Sources */,
				249A601D261C6CCC009C9E3E /* JSFormHeaderModel.swift in Sources */,
				249A6021261C6CCC009C9E3E /* JSBoxItemCell.swift in Sources */,
				249A5F7B261C6A2F009C9E3E /* AppDelegate.swift in Sources */,
				249A6024261C6CCC009C9E3E /* JSTextViewCell.swift in Sources */,
				249A6020261C6CCC009C9E3E /* JSArrowCell.swift in Sources */,
				249A6014261C6CCC009C9E3E /* JSFormPickerTools.swift in Sources */,
				249A6018261C6CCC009C9E3E /* UICollectionViewLeftAlignedLayout.swift in Sources */,
				249A6017261C6CCC009C9E3E /* JSFormViewController.swift in Sources */,
				249A6029261C6CCC009C9E3E /* JSRadioBoxCell.swift in Sources */,
				249A6023261C6CCC009C9E3E /* JSSwitchCell.swift in Sources */,
				249A601F261C6CCC009C9E3E /* JSBaseCollectionCell.swift in Sources */,
				249A6019261C6CCC009C9E3E /* JSBoxItem.swift in Sources */,
				249A6027261C6CCC009C9E3E /* JSBaseViewCell.swift in Sources */,
				249A6049261C6D68009C9E3E /* String.swift in Sources */,
				249A601B261C6CCC009C9E3E /* JSMediaItem.swift in Sources */,
				249A6016261C6CCC009C9E3E /* JSIDCardKeyboardView.swift in Sources */,
				249A5F7D261C6A2F009C9E3E /* SceneDelegate.swift in Sources */,
				249A601A261C6CCC009C9E3E /* JSRadioItem.swift in Sources */,
				249A601C261C6CCC009C9E3E /* JSFormModel.swift in Sources */,
			);
			runOnlyForDeploymentPostprocessing = 0;
		};
		249A5F89261C6A32009C9E3E /* Sources */ = {
			isa = PBXSourcesBuildPhase;
			buildActionMask = 2147483647;
			files = (
				249A5F92261C6A32009C9E3E /* FormsTests.swift in Sources */,
			);
			runOnlyForDeploymentPostprocessing = 0;
		};
		249A5F94261C6A32009C9E3E /* Sources */ = {
			isa = PBXSourcesBuildPhase;
			buildActionMask = 2147483647;
			files = (
				249A5F9D261C6A32009C9E3E /* FormsUITests.swift in Sources */,
			);
			runOnlyForDeploymentPostprocessing = 0;
		};
/* End PBXSourcesBuildPhase section */

/* Begin PBXTargetDependency section */
		249A5F8F261C6A32009C9E3E /* PBXTargetDependency */ = {
			isa = PBXTargetDependency;
			target = 249A5F76261C6A2E009C9E3E /* Forms */;
			targetProxy = 249A5F8E261C6A32009C9E3E /* PBXContainerItemProxy */;
		};
		249A5F9A261C6A32009C9E3E /* PBXTargetDependency */ = {
			isa = PBXTargetDependency;
			target = 249A5F76261C6A2E009C9E3E /* Forms */;
			targetProxy = 249A5F99261C6A32009C9E3E /* PBXContainerItemProxy */;
		};
/* End PBXTargetDependency section */

/* Begin PBXVariantGroup section */
		249A5F80261C6A2F009C9E3E /* Main.storyboard */ = {
			isa = PBXVariantGroup;
			children = (
				249A5F81261C6A2F009C9E3E /* Base */,
			);
			name = Main.storyboard;
			sourceTree = "<group>";
		};
		249A5F85261C6A31009C9E3E /* LaunchScreen.storyboard */ = {
			isa = PBXVariantGroup;
			children = (
				249A5F86261C6A31009C9E3E /* Base */,
			);
			name = LaunchScreen.storyboard;
			sourceTree = "<group>";
		};
/* End PBXVariantGroup section */

/* Begin XCBuildConfiguration section */
		249A5F9F261C6A32009C9E3E /* Debug */ = {
			isa = XCBuildConfiguration;
			buildSettings = {
				ALWAYS_SEARCH_USER_PATHS = NO;
				CLANG_ANALYZER_NONNULL = YES;
				CLANG_ANALYZER_NUMBER_OBJECT_CONVERSION = YES_AGGRESSIVE;
				CLANG_CXX_LANGUAGE_STANDARD = "gnu++14";
				CLANG_CXX_LIBRARY = "libc++";
				CLANG_ENABLE_MODULES = YES;
				CLANG_ENABLE_OBJC_ARC = YES;
				CLANG_ENABLE_OBJC_WEAK = YES;
				CLANG_WARN_BLOCK_CAPTURE_AUTORELEASING = YES;
				CLANG_WARN_BOOL_CONVERSION = YES;
				CLANG_WARN_COMMA = YES;
				CLANG_WARN_CONSTANT_CONVERSION = YES;
				CLANG_WARN_DEPRECATED_OBJC_IMPLEMENTATIONS = YES;
				CLANG_WARN_DIRECT_OBJC_ISA_USAGE = YES_ERROR;
				CLANG_WARN_DOCUMENTATION_COMMENTS = YES;
				CLANG_WARN_EMPTY_BODY = YES;
				CLANG_WARN_ENUM_CONVERSION = YES;
				CLANG_WARN_INFINITE_RECURSION = YES;
				CLANG_WARN_INT_CONVERSION = YES;
				CLANG_WARN_NON_LITERAL_NULL_CONVERSION = YES;
				CLANG_WARN_OBJC_IMPLICIT_RETAIN_SELF = YES;
				CLANG_WARN_OBJC_LITERAL_CONVERSION = YES;
				CLANG_WARN_OBJC_ROOT_CLASS = YES_ERROR;
				CLANG_WARN_QUOTED_INCLUDE_IN_FRAMEWORK_HEADER = YES;
				CLANG_WARN_RANGE_LOOP_ANALYSIS = YES;
				CLANG_WARN_STRICT_PROTOTYPES = YES;
				CLANG_WARN_SUSPICIOUS_MOVE = YES;
				CLANG_WARN_UNGUARDED_AVAILABILITY = YES_AGGRESSIVE;
				CLANG_WARN_UNREACHABLE_CODE = YES;
				CLANG_WARN__DUPLICATE_METHOD_MATCH = YES;
				COPY_PHASE_STRIP = NO;
				DEBUG_INFORMATION_FORMAT = dwarf;
				ENABLE_STRICT_OBJC_MSGSEND = YES;
				ENABLE_TESTABILITY = YES;
				GCC_C_LANGUAGE_STANDARD = gnu11;
				GCC_DYNAMIC_NO_PIC = NO;
				GCC_NO_COMMON_BLOCKS = YES;
				GCC_OPTIMIZATION_LEVEL = 0;
				GCC_PREPROCESSOR_DEFINITIONS = (
					"DEBUG=1",
					"$(inherited)",
				);
				GCC_WARN_64_TO_32_BIT_CONVERSION = YES;
				GCC_WARN_ABOUT_RETURN_TYPE = YES_ERROR;
				GCC_WARN_UNDECLARED_SELECTOR = YES;
				GCC_WARN_UNINITIALIZED_AUTOS = YES_AGGRESSIVE;
				GCC_WARN_UNUSED_FUNCTION = YES;
				GCC_WARN_UNUSED_VARIABLE = YES;
				IPHONEOS_DEPLOYMENT_TARGET = 14.4;
				MTL_ENABLE_DEBUG_INFO = INCLUDE_SOURCE;
				MTL_FAST_MATH = YES;
				ONLY_ACTIVE_ARCH = YES;
				SDKROOT = iphoneos;
				SWIFT_ACTIVE_COMPILATION_CONDITIONS = DEBUG;
				SWIFT_OPTIMIZATION_LEVEL = "-Onone";
			};
			name = Debug;
		};
		249A5FA0261C6A32009C9E3E /* Release */ = {
			isa = XCBuildConfiguration;
			buildSettings = {
				ALWAYS_SEARCH_USER_PATHS = NO;
				CLANG_ANALYZER_NONNULL = YES;
				CLANG_ANALYZER_NUMBER_OBJECT_CONVERSION = YES_AGGRESSIVE;
				CLANG_CXX_LANGUAGE_STANDARD = "gnu++14";
				CLANG_CXX_LIBRARY = "libc++";
				CLANG_ENABLE_MODULES = YES;
				CLANG_ENABLE_OBJC_ARC = YES;
				CLANG_ENABLE_OBJC_WEAK = YES;
				CLANG_WARN_BLOCK_CAPTURE_AUTORELEASING = YES;
				CLANG_WARN_BOOL_CONVERSION = YES;
				CLANG_WARN_COMMA = YES;
				CLANG_WARN_CONSTANT_CONVERSION = YES;
				CLANG_WARN_DEPRECATED_OBJC_IMPLEMENTATIONS = YES;
				CLANG_WARN_DIRECT_OBJC_ISA_USAGE = YES_ERROR;
				CLANG_WARN_DOCUMENTATION_COMMENTS = YES;
				CLANG_WARN_EMPTY_BODY = YES;
				CLANG_WARN_ENUM_CONVERSION = YES;
				CLANG_WARN_INFINITE_RECURSION = YES;
				CLANG_WARN_INT_CONVERSION = YES;
				CLANG_WARN_NON_LITERAL_NULL_CONVERSION = YES;
				CLANG_WARN_OBJC_IMPLICIT_RETAIN_SELF = YES;
				CLANG_WARN_OBJC_LITERAL_CONVERSION = YES;
				CLANG_WARN_OBJC_ROOT_CLASS = YES_ERROR;
				CLANG_WARN_QUOTED_INCLUDE_IN_FRAMEWORK_HEADER = YES;
				CLANG_WARN_RANGE_LOOP_ANALYSIS = YES;
				CLANG_WARN_STRICT_PROTOTYPES = YES;
				CLANG_WARN_SUSPICIOUS_MOVE = YES;
				CLANG_WARN_UNGUARDED_AVAILABILITY = YES_AGGRESSIVE;
				CLANG_WARN_UNREACHABLE_CODE = YES;
				CLANG_WARN__DUPLICATE_METHOD_MATCH = YES;
				COPY_PHASE_STRIP = NO;
				DEBUG_INFORMATION_FORMAT = "dwarf-with-dsym";
				ENABLE_NS_ASSERTIONS = NO;
				ENABLE_STRICT_OBJC_MSGSEND = YES;
				GCC_C_LANGUAGE_STANDARD = gnu11;
				GCC_NO_COMMON_BLOCKS = YES;
				GCC_WARN_64_TO_32_BIT_CONVERSION = YES;
				GCC_WARN_ABOUT_RETURN_TYPE = YES_ERROR;
				GCC_WARN_UNDECLARED_SELECTOR = YES;
				GCC_WARN_UNINITIALIZED_AUTOS = YES_AGGRESSIVE;
				GCC_WARN_UNUSED_FUNCTION = YES;
				GCC_WARN_UNUSED_VARIABLE = YES;
				IPHONEOS_DEPLOYMENT_TARGET = 14.4;
				MTL_ENABLE_DEBUG_INFO = NO;
				MTL_FAST_MATH = YES;
				SDKROOT = iphoneos;
				SWIFT_COMPILATION_MODE = wholemodule;
				SWIFT_OPTIMIZATION_LEVEL = "-O";
				VALIDATE_PRODUCT = YES;
			};
			name = Release;
		};
		249A5FA2261C6A32009C9E3E /* Debug */ = {
			isa = XCBuildConfiguration;
			baseConfigurationReference = 2A2CD5CE404A75BFF547DE5D /* Pods-Forms.debug.xcconfig */;
			buildSettings = {
				ASSETCATALOG_COMPILER_APPICON_NAME = AppIcon;
				ASSETCATALOG_COMPILER_GLOBAL_ACCENT_COLOR_NAME = AccentColor;
				CODE_SIGN_STYLE = Automatic;
				DEVELOPMENT_TEAM = 2ECGYMPQ8R;
				INFOPLIST_FILE = Forms/Info.plist;
				LD_RUNPATH_SEARCH_PATHS = (
					"$(inherited)",
					"@executable_path/Frameworks",
				);
				PRODUCT_BUNDLE_IDENTIFIER = com.5614.app.Forms;
				PRODUCT_NAME = "$(TARGET_NAME)";
				SWIFT_VERSION = 5.0;
				TARGETED_DEVICE_FAMILY = "1,2";
			};
			name = Debug;
		};
		249A5FA3261C6A32009C9E3E /* Release */ = {
			isa = XCBuildConfiguration;
			baseConfigurationReference = 2C9DCD0094B9FF4EB533EC80 /* Pods-Forms.release.xcconfig */;
			buildSettings = {
				ASSETCATALOG_COMPILER_APPICON_NAME = AppIcon;
				ASSETCATALOG_COMPILER_GLOBAL_ACCENT_COLOR_NAME = AccentColor;
				CODE_SIGN_STYLE = Automatic;
				DEVELOPMENT_TEAM = 2ECGYMPQ8R;
				INFOPLIST_FILE = Forms/Info.plist;
				LD_RUNPATH_SEARCH_PATHS = (
					"$(inherited)",
					"@executable_path/Frameworks",
				);
				PRODUCT_BUNDLE_IDENTIFIER = com.5614.app.Forms;
				PRODUCT_NAME = "$(TARGET_NAME)";
				SWIFT_VERSION = 5.0;
				TARGETED_DEVICE_FAMILY = "1,2";
			};
			name = Release;
		};
		249A5FA5261C6A32009C9E3E /* Debug */ = {
			isa = XCBuildConfiguration;
			baseConfigurationReference = 6B91807910A1E0CB5C4D244B /* Pods-FormsTests.debug.xcconfig */;
			buildSettings = {
				ALWAYS_EMBED_SWIFT_STANDARD_LIBRARIES = YES;
				BUNDLE_LOADER = "$(TEST_HOST)";
				CODE_SIGN_STYLE = Automatic;
				DEVELOPMENT_TEAM = 2ECGYMPQ8R;
				INFOPLIST_FILE = FormsTests/Info.plist;
				IPHONEOS_DEPLOYMENT_TARGET = 14.4;
				LD_RUNPATH_SEARCH_PATHS = (
					"$(inherited)",
					"@executable_path/Frameworks",
					"@loader_path/Frameworks",
				);
				PRODUCT_BUNDLE_IDENTIFIER = com.5614.app.FormsTests;
				PRODUCT_NAME = "$(TARGET_NAME)";
				SWIFT_VERSION = 5.0;
				TARGETED_DEVICE_FAMILY = "1,2";
				TEST_HOST = "$(BUILT_PRODUCTS_DIR)/Forms.app/Forms";
			};
			name = Debug;
		};
		249A5FA6261C6A32009C9E3E /* Release */ = {
			isa = XCBuildConfiguration;
			baseConfigurationReference = 305D196B7FE94ABD27CB2EE3 /* Pods-FormsTests.release.xcconfig */;
			buildSettings = {
				ALWAYS_EMBED_SWIFT_STANDARD_LIBRARIES = YES;
				BUNDLE_LOADER = "$(TEST_HOST)";
				CODE_SIGN_STYLE = Automatic;
				DEVELOPMENT_TEAM = 2ECGYMPQ8R;
				INFOPLIST_FILE = FormsTests/Info.plist;
				IPHONEOS_DEPLOYMENT_TARGET = 14.4;
				LD_RUNPATH_SEARCH_PATHS = (
					"$(inherited)",
					"@executable_path/Frameworks",
					"@loader_path/Frameworks",
				);
				PRODUCT_BUNDLE_IDENTIFIER = com.5614.app.FormsTests;
				PRODUCT_NAME = "$(TARGET_NAME)";
				SWIFT_VERSION = 5.0;
				TARGETED_DEVICE_FAMILY = "1,2";
				TEST_HOST = "$(BUILT_PRODUCTS_DIR)/Forms.app/Forms";
			};
			name = Release;
		};
		249A5FA8261C6A32009C9E3E /* Debug */ = {
			isa = XCBuildConfiguration;
			baseConfigurationReference = 620DE183CBFC0CD40CA43FD3 /* Pods-Forms-FormsUITests.debug.xcconfig */;
			buildSettings = {
				ALWAYS_EMBED_SWIFT_STANDARD_LIBRARIES = YES;
				CODE_SIGN_STYLE = Automatic;
				DEVELOPMENT_TEAM = 2ECGYMPQ8R;
				INFOPLIST_FILE = FormsUITests/Info.plist;
				LD_RUNPATH_SEARCH_PATHS = (
					"$(inherited)",
					"@executable_path/Frameworks",
					"@loader_path/Frameworks",
				);
				PRODUCT_BUNDLE_IDENTIFIER = com.5614.app.FormsUITests;
				PRODUCT_NAME = "$(TARGET_NAME)";
				SWIFT_VERSION = 5.0;
				TARGETED_DEVICE_FAMILY = "1,2";
				TEST_TARGET_NAME = Forms;
			};
			name = Debug;
		};
		249A5FA9261C6A32009C9E3E /* Release */ = {
			isa = XCBuildConfiguration;
			baseConfigurationReference = B263B6C9DED97E9125B571E4 /* Pods-Forms-FormsUITests.release.xcconfig */;
			buildSettings = {
				ALWAYS_EMBED_SWIFT_STANDARD_LIBRARIES = YES;
				CODE_SIGN_STYLE = Automatic;
				DEVELOPMENT_TEAM = 2ECGYMPQ8R;
				INFOPLIST_FILE = FormsUITests/Info.plist;
				LD_RUNPATH_SEARCH_PATHS = (
					"$(inherited)",
					"@executable_path/Frameworks",
					"@loader_path/Frameworks",
				);
				PRODUCT_BUNDLE_IDENTIFIER = com.5614.app.FormsUITests;
				PRODUCT_NAME = "$(TARGET_NAME)";
				SWIFT_VERSION = 5.0;
				TARGETED_DEVICE_FAMILY = "1,2";
				TEST_TARGET_NAME = Forms;
			};
			name = Release;
		};
/* End XCBuildConfiguration section */

/* Begin XCConfigurationList section */
		249A5F72261C6A2E009C9E3E /* Build configuration list for PBXProject "Forms" */ = {
			isa = XCConfigurationList;
			buildConfigurations = (
				249A5F9F261C6A32009C9E3E /* Debug */,
				249A5FA0261C6A32009C9E3E /* Release */,
			);
			defaultConfigurationIsVisible = 0;
			defaultConfigurationName = Release;
		};
		249A5FA1261C6A32009C9E3E /* Build configuration list for PBXNativeTarget "Forms" */ = {
			isa = XCConfigurationList;
			buildConfigurations = (
				249A5FA2261C6A32009C9E3E /* Debug */,
				249A5FA3261C6A32009C9E3E /* Release */,
			);
			defaultConfigurationIsVisible = 0;
			defaultConfigurationName = Release;
		};
		249A5FA4261C6A32009C9E3E /* Build configuration list for PBXNativeTarget "FormsTests" */ = {
			isa = XCConfigurationList;
			buildConfigurations = (
				249A5FA5261C6A32009C9E3E /* Debug */,
				249A5FA6261C6A32009C9E3E /* Release */,
			);
			defaultConfigurationIsVisible = 0;
			defaultConfigurationName = Release;
		};
		249A5FA7261C6A32009C9E3E /* Build configuration list for PBXNativeTarget "FormsUITests" */ = {
			isa = XCConfigurationList;
			buildConfigurations = (
				249A5FA8261C6A32009C9E3E /* Debug */,
				249A5FA9261C6A32009C9E3E /* Release */,
			);
			defaultConfigurationIsVisible = 0;
			defaultConfigurationName = Release;
		};
/* End XCConfigurationList section */
	};
	rootObject = 249A5F6F261C6A2E009C9E3E /* Project object */;
}
